// !$*UTF8*$!
{
	archiveVersion = 1;
	classes = {
	};
	objectVersion = 55;
	objects = {

/* Begin PBXBuildFile section */
		D62C7EF12962019400CF3E94 /* SwiftUIFlipBookApp.swift in Sources */ = {isa = PBXBuildFile; fileRef = D62C7EF02962019400CF3E94 /* SwiftUIFlipBookApp.swift */; };
		D62C7EF32962019400CF3E94 /* ContentView.swift in Sources */ = {isa = PBXBuildFile; fileRef = D62C7EF22962019400CF3E94 /* ContentView.swift */; };
		D62C7EF52962019900CF3E94 /* Assets.xcassets in Resources */ = {isa = PBXBuildFile; fileRef = D62C7EF42962019900CF3E94 /* Assets.xcassets */; };
		D62C7EF82962019900CF3E94 /* Preview Assets.xcassets in Resources */ = {isa = PBXBuildFile; fileRef = D62C7EF72962019900CF3E94 /* Preview Assets.xcassets */; };
		D62C7F022962019900CF3E94 /* SwiftUIFlipBookTests.swift in Sources */ = {isa = PBXBuildFile; fileRef = D62C7F012962019900CF3E94 /* SwiftUIFlipBookTests.swift */; };
		D62C7F0C2962019900CF3E94 /* SwiftUIFlipBookUITests.swift in Sources */ = {isa = PBXBuildFile; fileRef = D62C7F0B2962019900CF3E94 /* SwiftUIFlipBookUITests.swift */; };
		D62C7F0E2962019900CF3E94 /* SwiftUIFlipBookUITestsLaunchTests.swift in Sources */ = {isa = PBXBuildFile; fileRef = D62C7F0D2962019900CF3E94 /* SwiftUIFlipBookUITestsLaunchTests.swift */; };
		D62C7F1C296201BF00CF3E94 /* Pages in Frameworks */ = {isa = PBXBuildFile; productRef = D62C7F1B296201BF00CF3E94 /* Pages */; };
		D6885C30296227E1007D4446 /* FlipPages.swift in Sources */ = {isa = PBXBuildFile; fileRef = D6885C2F296227E1007D4446 /* FlipPages.swift */; };
		D6A65440296471B900F8145F /* LaunchScreen.storyboard in Resources */ = {isa = PBXBuildFile; fileRef = D6A6543F296471B900F8145F /* LaunchScreen.storyboard */; };
/* End PBXBuildFile section */

/* Begin PBXContainerItemProxy section */
		D62C7EFE2962019900CF3E94 /* PBXContainerItemProxy */ = {
			isa = PBXContainerItemProxy;
			containerPortal = D62C7EE52962019400CF3E94 /* Project object */;
			proxyType = 1;
			remoteGlobalIDString = D62C7EEC2962019400CF3E94;
			remoteInfo = SwiftUIFlipBook;
		};
		D62C7F082962019900CF3E94 /* PBXContainerItemProxy */ = {
			isa = PBXContainerItemProxy;
			containerPortal = D62C7EE52962019400CF3E94 /* Project object */;
			proxyType = 1;
			remoteGlobalIDString = D62C7EEC2962019400CF3E94;
			remoteInfo = SwiftUIFlipBook;
		};
/* End PBXContainerItemProxy section */

/* Begin PBXFileReference section */
		D62C7EED2962019400CF3E94 /* SwiftUIFlipBook.app */ = {isa = PBXFileReference; explicitFileType = wrapper.application; includeInIndex = 0; path = SwiftUIFlipBook.app; sourceTree = BUILT_PRODUCTS_DIR; };
		D62C7EF02962019400CF3E94 /* SwiftUIFlipBookApp.swift */ = {isa = PBXFileReference; lastKnownFileType = sourcecode.swift; path = SwiftUIFlipBookApp.swift; sourceTree = "<group>"; };
		D62C7EF22962019400CF3E94 /* ContentView.swift */ = {isa = PBXFileReference; lastKnownFileType = sourcecode.swift; path = ContentView.swift; sourceTree = "<group>"; };
		D62C7EF42962019900CF3E94 /* Assets.xcassets */ = {isa = PBXFileReference; lastKnownFileType = folder.assetcatalog; path = Assets.xcassets; sourceTree = "<group>"; };
		D62C7EF72962019900CF3E94 /* Preview Assets.xcassets */ = {isa = PBXFileReference; lastKnownFileType = folder.assetcatalog; path = "Preview Assets.xcassets"; sourceTree = "<group>"; };
		D62C7EFD2962019900CF3E94 /* SwiftUIFlipBookTests.xctest */ = {isa = PBXFileReference; explicitFileType = wrapper.cfbundle; includeInIndex = 0; path = SwiftUIFlipBookTests.xctest; sourceTree = BUILT_PRODUCTS_DIR; };
		D62C7F012962019900CF3E94 /* SwiftUIFlipBookTests.swift */ = {isa = PBXFileReference; lastKnownFileType = sourcecode.swift; path = SwiftUIFlipBookTests.swift; sourceTree = "<group>"; };
		D62C7F072962019900CF3E94 /* SwiftUIFlipBookUITests.xctest */ = {isa = PBXFileReference; explicitFileType = wrapper.cfbundle; includeInIndex = 0; path = SwiftUIFlipBookUITests.xctest; sourceTree = BUILT_PRODUCTS_DIR; };
		D62C7F0B2962019900CF3E94 /* SwiftUIFlipBookUITests.swift */ = {isa = PBXFileReference; lastKnownFileType = sourcecode.swift; path = SwiftUIFlipBookUITests.swift; sourceTree = "<group>"; };
		D62C7F0D2962019900CF3E94 /* SwiftUIFlipBookUITestsLaunchTests.swift */ = {isa = PBXFileReference; lastKnownFileType = sourcecode.swift; path = SwiftUIFlipBookUITestsLaunchTests.swift; sourceTree = "<group>"; };
		D6885C2F296227E1007D4446 /* FlipPages.swift */ = {isa = PBXFileReference; lastKnownFileType = sourcecode.swift; path = FlipPages.swift; sourceTree = "<group>"; };
		D6A6543F296471B900F8145F /* LaunchScreen.storyboard */ = {isa = PBXFileReference; lastKnownFileType = file.storyboard; path = LaunchScreen.storyboard; sourceTree = "<group>"; };
/* End PBXFileReference section */

/* Begin PBXFrameworksBuildPhase section */
		D62C7EEA2962019400CF3E94 /* Frameworks */ = {
			isa = PBXFrameworksBuildPhase;
			buildActionMask = 2147483647;
			files = (
				D62C7F1C296201BF00CF3E94 /* Pages in Frameworks */,
			);
			runOnlyForDeploymentPostprocessing = 0;
		};
		D62C7EFA2962019900CF3E94 /* Frameworks */ = {
			isa = PBXFrameworksBuildPhase;
			buildActionMask = 2147483647;
			files = (
			);
			runOnlyForDeploymentPostprocessing = 0;
		};
		D62C7F042962019900CF3E94 /* Frameworks */ = {
			isa = PBXFrameworksBuildPhase;
			buildActionMask = 2147483647;
			files = (
			);
			runOnlyForDeploymentPostprocessing = 0;
		};
/* End PBXFrameworksBuildPhase section */

/* Begin PBXGroup section */
		D62C7EE42962019400CF3E94 = {
			isa = PBXGroup;
			children = (
				D62C7EEF2962019400CF3E94 /* SwiftUIFlipBook */,
				D62C7F002962019900CF3E94 /* SwiftUIFlipBookTests */,
				D62C7F0A2962019900CF3E94 /* SwiftUIFlipBookUITests */,
				D62C7EEE2962019400CF3E94 /* Products */,
			);
			sourceTree = "<group>";
		};
		D62C7EEE2962019400CF3E94 /* Products */ = {
			isa = PBXGroup;
			children = (
				D62C7EED2962019400CF3E94 /* SwiftUIFlipBook.app */,
				D62C7EFD2962019900CF3E94 /* SwiftUIFlipBookTests.xctest */,
				D62C7F072962019900CF3E94 /* SwiftUIFlipBookUITests.xctest */,
			);
			name = Products;
			sourceTree = "<group>";
		};
		D62C7EEF2962019400CF3E94 /* SwiftUIFlipBook */ = {
			isa = PBXGroup;
			children = (
				D62C7EF02962019400CF3E94 /* SwiftUIFlipBookApp.swift */,
				D62C7EF22962019400CF3E94 /* ContentView.swift */,
				D62C7EF42962019900CF3E94 /* Assets.xcassets */,
				D62C7EF62962019900CF3E94 /* Preview Content */,
				D6885C2F296227E1007D4446 /* FlipPages.swift */,
				D6A6543F296471B900F8145F /* LaunchScreen.storyboard */,
			);
			path = SwiftUIFlipBook;
			sourceTree = "<group>";
		};
		D62C7EF62962019900CF3E94 /* Preview Content */ = {
			isa = PBXGroup;
			children = (
				D62C7EF72962019900CF3E94 /* Preview Assets.xcassets */,
			);
			path = "Preview Content";
			sourceTree = "<group>";
		};
		D62C7F002962019900CF3E94 /* SwiftUIFlipBookTests */ = {
			isa = PBXGroup;
			children = (
				D62C7F012962019900CF3E94 /* SwiftUIFlipBookTests.swift */,
			);
			path = SwiftUIFlipBookTests;
			sourceTree = "<group>";
		};
		D62C7F0A2962019900CF3E94 /* SwiftUIFlipBookUITests */ = {
			isa = PBXGroup;
			children = (
				D62C7F0B2962019900CF3E94 /* SwiftUIFlipBookUITests.swift */,
				D62C7F0D2962019900CF3E94 /* SwiftUIFlipBookUITestsLaunchTests.swift */,
			);
			path = SwiftUIFlipBookUITests;
			sourceTree = "<group>";
		};
/* End PBXGroup section */

/* Begin PBXNativeTarget section */
		D62C7EEC2962019400CF3E94 /* SwiftUIFlipBook */ = {
			isa = PBXNativeTarget;
			buildConfigurationList = D62C7F112962019900CF3E94 /* Build configuration list for PBXNativeTarget "SwiftUIFlipBook" */;
			buildPhases = (
				D62C7EE92962019400CF3E94 /* Sources */,
				D62C7EEA2962019400CF3E94 /* Frameworks */,
				D62C7EEB2962019400CF3E94 /* Resources */,
			);
			buildRules = (
			);
			dependencies = (
			);
			name = SwiftUIFlipBook;
			packageProductDependencies = (
				D62C7F1B296201BF00CF3E94 /* Pages */,
			);
			productName = SwiftUIFlipBook;
			productReference = D62C7EED2962019400CF3E94 /* SwiftUIFlipBook.app */;
			productType = "com.apple.product-type.application";
		};
		D62C7EFC2962019900CF3E94 /* SwiftUIFlipBookTests */ = {
			isa = PBXNativeTarget;
			buildConfigurationList = D62C7F142962019900CF3E94 /* Build configuration list for PBXNativeTarget "SwiftUIFlipBookTests" */;
			buildPhases = (
				D62C7EF92962019900CF3E94 /* Sources */,
				D62C7EFA2962019900CF3E94 /* Frameworks */,
				D62C7EFB2962019900CF3E94 /* Resources */,
			);
			buildRules = (
			);
			dependencies = (
				D62C7EFF2962019900CF3E94 /* PBXTargetDependency */,
			);
			name = SwiftUIFlipBookTests;
			productName = SwiftUIFlipBookTests;
			productReference = D62C7EFD2962019900CF3E94 /* SwiftUIFlipBookTests.xctest */;
			productType = "com.apple.product-type.bundle.unit-test";
		};
		D62C7F062962019900CF3E94 /* SwiftUIFlipBookUITests */ = {
			isa = PBXNativeTarget;
			buildConfigurationList = D62C7F172962019900CF3E94 /* Build configuration list for PBXNativeTarget "SwiftUIFlipBookUITests" */;
			buildPhases = (
				D62C7F032962019900CF3E94 /* Sources */,
				D62C7F042962019900CF3E94 /* Frameworks */,
				D62C7F052962019900CF3E94 /* Resources */,
			);
			buildRules = (
			);
			dependencies = (
				D62C7F092962019900CF3E94 /* PBXTargetDependency */,
			);
			name = SwiftUIFlipBookUITests;
			productName = SwiftUIFlipBookUITests;
			productReference = D62C7F072962019900CF3E94 /* SwiftUIFlipBookUITests.xctest */;
			productType = "com.apple.product-type.bundle.ui-testing";
		};
/* End PBXNativeTarget section */

/* Begin PBXProject section */
		D62C7EE52962019400CF3E94 /* Project object */ = {
			isa = PBXProject;
			attributes = {
				BuildIndependentTargetsInParallel = 1;
				LastSwiftUpdateCheck = 1320;
				LastUpgradeCheck = 1320;
				TargetAttributes = {
					D62C7EEC2962019400CF3E94 = {
						CreatedOnToolsVersion = 13.2.1;
					};
					D62C7EFC2962019900CF3E94 = {
						CreatedOnToolsVersion = 13.2.1;
						TestTargetID = D62C7EEC2962019400CF3E94;
					};
					D62C7F062962019900CF3E94 = {
						CreatedOnToolsVersion = 13.2.1;
						TestTargetID = D62C7EEC2962019400CF3E94;
					};
				};
			};
			buildConfigurationList = D62C7EE82962019400CF3E94 /* Build configuration list for PBXProject "SwiftUIFlipBook" */;
			compatibilityVersion = "Xcode 13.0";
			developmentRegion = en;
			hasScannedForEncodings = 0;
			knownRegions = (
				en,
				Base,
			);
			mainGroup = D62C7EE42962019400CF3E94;
			packageReferences = (
				D62C7F1A296201BF00CF3E94 /* XCRemoteSwiftPackageReference "Pages" */,
			);
			productRefGroup = D62C7EEE2962019400CF3E94 /* Products */;
			projectDirPath = "";
			projectRoot = "";
			targets = (
				D62C7EEC2962019400CF3E94 /* SwiftUIFlipBook */,
				D62C7EFC2962019900CF3E94 /* SwiftUIFlipBookTests */,
				D62C7F062962019900CF3E94 /* SwiftUIFlipBookUITests */,
			);
		};
/* End PBXProject section */

/* Begin PBXResourcesBuildPhase section */
		D62C7EEB2962019400CF3E94 /* Resources */ = {
			isa = PBXResourcesBuildPhase;
			buildActionMask = 2147483647;
			files = (
				D6A65440296471B900F8145F /* LaunchScreen.storyboard in Resources */,
				D62C7EF82962019900CF3E94 /* Preview Assets.xcassets in Resources */,
				D62C7EF52962019900CF3E94 /* Assets.xcassets in Resources */,
			);
			runOnlyForDeploymentPostprocessing = 0;
		};
		D62C7EFB2962019900CF3E94 /* Resources */ = {
			isa = PBXResourcesBuildPhase;
			buildActionMask = 2147483647;
			files = (
			);
			runOnlyForDeploymentPostprocessing = 0;
		};
		D62C7F052962019900CF3E94 /* Resources */ = {
			isa = PBXResourcesBuildPhase;
			buildActionMask = 2147483647;
			files = (
			);
			runOnlyForDeploymentPostprocessing = 0;
		};
/* End PBXResourcesBuildPhase section */

/* Begin PBXSourcesBuildPhase section */
		D62C7EE92962019400CF3E94 /* Sources */ = {
			isa = PBXSourcesBuildPhase;
			buildActionMask = 2147483647;
			files = (
				D62C7EF32962019400CF3E94 /* ContentView.swift in Sources */,
				D6885C30296227E1007D4446 /* FlipPages.swift in Sources */,
				D62C7EF12962019400CF3E94 /* SwiftUIFlipBookApp.swift in Sources */,
			);
			runOnlyForDeploymentPostprocessing = 0;
		};
		D62C7EF92962019900CF3E94 /* Sources */ = {
			isa = PBXSourcesBuildPhase;
			buildActionMask = 2147483647;
			files = (
				D62C7F022962019900CF3E94 /* SwiftUIFlipBookTests.swift in Sources */,
			);
			runOnlyForDeploymentPostprocessing = 0;
		};
		D62C7F032962019900CF3E94 /* Sources */ = {
			isa = PBXSourcesBuildPhase;
			buildActionMask = 2147483647;
			files = (
				D62C7F0E2962019900CF3E94 /* SwiftUIFlipBookUITestsLaunchTests.swift in Sources */,
				D62C7F0C2962019900CF3E94 /* SwiftUIFlipBookUITests.swift in Sources */,
			);
			runOnlyForDeploymentPostprocessing = 0;
		};
/* End PBXSourcesBuildPhase section */

/* Begin PBXTargetDependency section */
		D62C7EFF2962019900CF3E94 /* PBXTargetDependency */ = {
			isa = PBXTargetDependency;
			target = D62C7EEC2962019400CF3E94 /* SwiftUIFlipBook */;
			targetProxy = D62C7EFE2962019900CF3E94 /* PBXContainerItemProxy */;
		};
		D62C7F092962019900CF3E94 /* PBXTargetDependency */ = {
			isa = PBXTargetDependency;
			target = D62C7EEC2962019400CF3E94 /* SwiftUIFlipBook */;
			targetProxy = D62C7F082962019900CF3E94 /* PBXContainerItemProxy */;
		};
/* End PBXTargetDependency section */

/* Begin XCBuildConfiguration section */
		D62C7F0F2962019900CF3E94 /* Debug */ = {
			isa = XCBuildConfiguration;
			buildSettings = {
				ALWAYS_SEARCH_USER_PATHS = NO;
				CLANG_ANALYZER_NONNULL = YES;
				CLANG_ANALYZER_NUMBER_OBJECT_CONVERSION = YES_AGGRESSIVE;
				CLANG_CXX_LANGUAGE_STANDARD = "gnu++17";
				CLANG_CXX_LIBRARY = "libc++";
				CLANG_ENABLE_MODULES = YES;
				CLANG_ENABLE_OBJC_ARC = YES;
				CLANG_ENABLE_OBJC_WEAK = YES;
				CLANG_WARN_BLOCK_CAPTURE_AUTORELEASING = YES;
				CLANG_WARN_BOOL_CONVERSION = YES;
				CLANG_WARN_COMMA = YES;
				CLANG_WARN_CONSTANT_CONVERSION = YES;
				CLANG_WARN_DEPRECATED_OBJC_IMPLEMENTATIONS = YES;
				CLANG_WARN_DIRECT_OBJC_ISA_USAGE = YES_ERROR;
				CLANG_WARN_DOCUMENTATION_COMMENTS = YES;
				CLANG_WARN_EMPTY_BODY = YES;
				CLANG_WARN_ENUM_CONVERSION = YES;
				CLANG_WARN_INFINITE_RECURSION = YES;
				CLANG_WARN_INT_CONVERSION = YES;
				CLANG_WARN_NON_LITERAL_NULL_CONVERSION = YES;
				CLANG_WARN_OBJC_IMPLICIT_RETAIN_SELF = YES;
				CLANG_WARN_OBJC_LITERAL_CONVERSION = YES;
				CLANG_WARN_OBJC_ROOT_CLASS = YES_ERROR;
				CLANG_WARN_QUOTED_INCLUDE_IN_FRAMEWORK_HEADER = YES;
				CLANG_WARN_RANGE_LOOP_ANALYSIS = YES;
				CLANG_WARN_STRICT_PROTOTYPES = YES;
				CLANG_WARN_SUSPICIOUS_MOVE = YES;
				CLANG_WARN_UNGUARDED_AVAILABILITY = YES_AGGRESSIVE;
				CLANG_WARN_UNREACHABLE_CODE = YES;
				CLANG_WARN__DUPLICATE_METHOD_MATCH = YES;
				COPY_PHASE_STRIP = NO;
				DEBUG_INFORMATION_FORMAT = dwarf;
				ENABLE_STRICT_OBJC_MSGSEND = YES;
				ENABLE_TESTABILITY = YES;
				GCC_C_LANGUAGE_STANDARD = gnu11;
				GCC_DYNAMIC_NO_PIC = NO;
				GCC_NO_COMMON_BLOCKS = YES;
				GCC_OPTIMIZATION_LEVEL = 0;
				GCC_PREPROCESSOR_DEFINITIONS = (
					"DEBUG=1",
					"$(inherited)",
				);
				GCC_WARN_64_TO_32_BIT_CONVERSION = YES;
				GCC_WARN_ABOUT_RETURN_TYPE = YES_ERROR;
				GCC_WARN_UNDECLARED_SELECTOR = YES;
				GCC_WARN_UNINITIALIZED_AUTOS = YES_AGGRESSIVE;
				GCC_WARN_UNUSED_FUNCTION = YES;
				GCC_WARN_UNUSED_VARIABLE = YES;
				IPHONEOS_DEPLOYMENT_TARGET = 15.2;
				MTL_ENABLE_DEBUG_INFO = INCLUDE_SOURCE;
				MTL_FAST_MATH = YES;
				ONLY_ACTIVE_ARCH = YES;
				SDKROOT = iphoneos;
				SWIFT_ACTIVE_COMPILATION_CONDITIONS = DEBUG;
				SWIFT_OPTIMIZATION_LEVEL = "-Onone";
			};
			name = Debug;
		};
		D62C7F102962019900CF3E94 /* Release */ = {
			isa = XCBuildConfiguration;
			buildSettings = {
				ALWAYS_SEARCH_USER_PATHS = NO;
				CLANG_ANALYZER_NONNULL = YES;
				CLANG_ANALYZER_NUMBER_OBJECT_CONVERSION = YES_AGGRESSIVE;
				CLANG_CXX_LANGUAGE_STANDARD = "gnu++17";
				CLANG_CXX_LIBRARY = "libc++";
				CLANG_ENABLE_MODULES = YES;
				CLANG_ENABLE_OBJC_ARC = YES;
				CLANG_ENABLE_OBJC_WEAK = YES;
				CLANG_WARN_BLOCK_CAPTURE_AUTORELEASING = YES;
				CLANG_WARN_BOOL_CONVERSION = YES;
				CLANG_WARN_COMMA = YES;
				CLANG_WARN_CONSTANT_CONVERSION = YES;
				CLANG_WARN_DEPRECATED_OBJC_IMPLEMENTATIONS = YES;
				CLANG_WARN_DIRECT_OBJC_ISA_USAGE = YES_ERROR;
				CLANG_WARN_DOCUMENTATION_COMMENTS = YES;
				CLANG_WARN_EMPTY_BODY = YES;
				CLANG_WARN_ENUM_CONVERSION = YES;
				CLANG_WARN_INFINITE_RECURSION = YES;
				CLANG_WARN_INT_CONVERSION = YES;
				CLANG_WARN_NON_LITERAL_NULL_CONVERSION = YES;
				CLANG_WARN_OBJC_IMPLICIT_RETAIN_SELF = YES;
				CLANG_WARN_OBJC_LITERAL_CONVERSION = YES;
				CLANG_WARN_OBJC_ROOT_CLASS = YES_ERROR;
				CLANG_WARN_QUOTED_INCLUDE_IN_FRAMEWORK_HEADER = YES;
				CLANG_WARN_RANGE_LOOP_ANALYSIS = YES;
				CLANG_WARN_STRICT_PROTOTYPES = YES;
				CLANG_WARN_SUSPICIOUS_MOVE = YES;
				CLANG_WARN_UNGUARDED_AVAILABILITY = YES_AGGRESSIVE;
				CLANG_WARN_UNREACHABLE_CODE = YES;
				CLANG_WARN__DUPLICATE_METHOD_MATCH = YES;
				COPY_PHASE_STRIP = NO;
				DEBUG_INFORMATION_FORMAT = "dwarf-with-dsym";
				ENABLE_NS_ASSERTIONS = NO;
				ENABLE_STRICT_OBJC_MSGSEND = YES;
				GCC_C_LANGUAGE_STANDARD = gnu11;
				GCC_NO_COMMON_BLOCKS = YES;
				GCC_WARN_64_TO_32_BIT_CONVERSION = YES;
				GCC_WARN_ABOUT_RETURN_TYPE = YES_ERROR;
				GCC_WARN_UNDECLARED_SELECTOR = YES;
				GCC_WARN_UNINITIALIZED_AUTOS = YES_AGGRESSIVE;
				GCC_WARN_UNUSED_FUNCTION = YES;
				GCC_WARN_UNUSED_VARIABLE = YES;
				IPHONEOS_DEPLOYMENT_TARGET = 15.2;
				MTL_ENABLE_DEBUG_INFO = NO;
				MTL_FAST_MATH = YES;
				SDKROOT = iphoneos;
				SWIFT_COMPILATION_MODE = wholemodule;
				SWIFT_OPTIMIZATION_LEVEL = "-O";
				VALIDATE_PRODUCT = YES;
			};
			name = Release;
		};
		D62C7F122962019900CF3E94 /* Debug */ = {
			isa = XCBuildConfiguration;
			buildSettings = {
				ASSETCATALOG_COMPILER_APPICON_NAME = AppIcon;
				ASSETCATALOG_COMPILER_GLOBAL_ACCENT_COLOR_NAME = AccentColor;
				CODE_SIGN_STYLE = Automatic;
				CURRENT_PROJECT_VERSION = 1;
				DEVELOPMENT_ASSET_PATHS = "\"SwiftUIFlipBook/Preview Content\"";
				DEVELOPMENT_TEAM = K6LJCT8RAA;
				ENABLE_PREVIEWS = YES;
				GENERATE_INFOPLIST_FILE = YES;
				INFOPLIST_KEY_UIApplicationSceneManifest_Generation = YES;
				INFOPLIST_KEY_UIApplicationSupportsIndirectInputEvents = YES;
				INFOPLIST_KEY_UILaunchScreen_Generation = YES;
				INFOPLIST_KEY_UILaunchStoryboardName = LaunchScreen;
				INFOPLIST_KEY_UISupportedInterfaceOrientations_iPad = "UIInterfaceOrientationPortrait UIInterfaceOrientationPortraitUpsideDown UIInterfaceOrientationLandscapeLeft UIInterfaceOrientationLandscapeRight";
				INFOPLIST_KEY_UISupportedInterfaceOrientations_iPhone = "UIInterfaceOrientationPortrait UIInterfaceOrientationLandscapeLeft UIInterfaceOrientationLandscapeRight";
				LD_RUNPATH_SEARCH_PATHS = (
					"$(inherited)",
					"@executable_path/Frameworks",
				);
				MARKETING_VERSION = 1.0;
				PRODUCT_BUNDLE_IDENTIFIER = com.swiftuiflipbook.SwiftUIFlipBook;
				PRODUCT_NAME = "$(TARGET_NAME)";
				SWIFT_EMIT_LOC_STRINGS = YES;
				SWIFT_VERSION = 5.0;
				TARGETED_DEVICE_FAMILY = "1,2";
			};
			name = Debug;
		};
		D62C7F132962019900CF3E94 /* Release */ = {
			isa = XCBuildConfiguration;
			buildSettings = {
				ASSETCATALOG_COMPILER_APPICON_NAME = AppIcon;
				ASSETCATALOG_COMPILER_GLOBAL_ACCENT_COLOR_NAME = AccentColor;
				CODE_SIGN_STYLE = Automatic;
				CURRENT_PROJECT_VERSION = 1;
				DEVELOPMENT_ASSET_PATHS = "\"SwiftUIFlipBook/Preview Content\"";
				DEVELOPMENT_TEAM = K6LJCT8RAA;
				ENABLE_PREVIEWS = YES;
				GENERATE_INFOPLIST_FILE = YES;
				INFOPLIST_KEY_UIApplicationSceneManifest_Generation = YES;
				INFOPLIST_KEY_UIApplicationSupportsIndirectInputEvents = YES;
				INFOPLIST_KEY_UILaunchScreen_Generation = YES;
				INFOPLIST_KEY_UILaunchStoryboardName = LaunchScreen;
				INFOPLIST_KEY_UISupportedInterfaceOrientations_iPad = "UIInterfaceOrientationPortrait UIInterfaceOrientationPortraitUpsideDown UIInterfaceOrientationLandscapeLeft UIInterfaceOrientationLandscapeRight";
				INFOPLIST_KEY_UISupportedInterfaceOrientations_iPhone = "UIInterfaceOrientationPortrait UIInterfaceOrientationLandscapeLeft UIInterfaceOrientationLandscapeRight";
				LD_RUNPATH_SEARCH_PATHS = (
					"$(inherited)",
					"@executable_path/Frameworks",
				);
				MARKETING_VERSION = 1.0;
				PRODUCT_BUNDLE_IDENTIFIER = com.swiftuiflipbook.SwiftUIFlipBook;
				PRODUCT_NAME = "$(TARGET_NAME)";
				SWIFT_EMIT_LOC_STRINGS = YES;
				SWIFT_VERSION = 5.0;
				TARGETED_DEVICE_FAMILY = "1,2";
			};
			name = Release;
		};
		D62C7F152962019900CF3E94 /* Debug */ = {
			isa = XCBuildConfiguration;
			buildSettings = {
				ALWAYS_EMBED_SWIFT_STANDARD_LIBRARIES = YES;
				BUNDLE_LOADER = "$(TEST_HOST)";
				CODE_SIGN_STYLE = Automatic;
				CURRENT_PROJECT_VERSION = 1;
				DEVELOPMENT_TEAM = K6LJCT8RAA;
				GENERATE_INFOPLIST_FILE = YES;
				IPHONEOS_DEPLOYMENT_TARGET = 15.2;
				MARKETING_VERSION = 1.0;
				PRODUCT_BUNDLE_IDENTIFIER = com.swiftuiflipbook.SwiftUIFlipBookTests;
				PRODUCT_NAME = "$(TARGET_NAME)";
				SWIFT_EMIT_LOC_STRINGS = NO;
				SWIFT_VERSION = 5.0;
				TARGETED_DEVICE_FAMILY = "1,2";
				TEST_HOST = "$(BUILT_PRODUCTS_DIR)/SwiftUIFlipBook.app/SwiftUIFlipBook";
			};
			name = Debug;
		};
		D62C7F162962019900CF3E94 /* Release */ = {
			isa = XCBuildConfiguration;
			buildSettings = {
				ALWAYS_EMBED_SWIFT_STANDARD_LIBRARIES = YES;
				BUNDLE_LOADER = "$(TEST_HOST)";
				CODE_SIGN_STYLE = Automatic;
				CURRENT_PROJECT_VERSION = 1;
				DEVELOPMENT_TEAM = K6LJCT8RAA;
				GENERATE_INFOPLIST_FILE = YES;
				IPHONEOS_DEPLOYMENT_TARGET = 15.2;
				MARKETING_VERSION = 1.0;
				PRODUCT_BUNDLE_IDENTIFIER = com.swiftuiflipbook.SwiftUIFlipBookTests;
				PRODUCT_NAME = "$(TARGET_NAME)";
				SWIFT_EMIT_LOC_STRINGS = NO;
				SWIFT_VERSION = 5.0;
				TARGETED_DEVICE_FAMILY = "1,2";
				TEST_HOST = "$(BUILT_PRODUCTS_DIR)/SwiftUIFlipBook.app/SwiftUIFlipBook";
			};
			name = Release;
		};
		D62C7F182962019900CF3E94 /* Debug */ = {
			isa = XCBuildConfiguration;
			buildSettings = {
				ALWAYS_EMBED_SWIFT_STANDARD_LIBRARIES = YES;
				CODE_SIGN_STYLE = Automatic;
				CURRENT_PROJECT_VERSION = 1;
				DEVELOPMENT_TEAM = K6LJCT8RAA;
				GENERATE_INFOPLIST_FILE = YES;
				MARKETING_VERSION = 1.0;
				PRODUCT_BUNDLE_IDENTIFIER = com.swiftuiflipbook.SwiftUIFlipBookUITests;
				PRODUCT_NAME = "$(TARGET_NAME)";
				SWIFT_EMIT_LOC_STRINGS = NO;
				SWIFT_VERSION = 5.0;
				TARGETED_DEVICE_FAMILY = "1,2";
				TEST_TARGET_NAME = SwiftUIFlipBook;
			};
			name = Debug;
		};
		D62C7F192962019900CF3E94 /* Release */ = {
			isa = XCBuildConfiguration;
			buildSettings = {
				ALWAYS_EMBED_SWIFT_STANDARD_LIBRARIES = YES;
				CODE_SIGN_STYLE = Automatic;
				CURRENT_PROJECT_VERSION = 1;
				DEVELOPMENT_TEAM = K6LJCT8RAA;
				GENERATE_INFOPLIST_FILE = YES;
				MARKETING_VERSION = 1.0;
				PRODUCT_BUNDLE_IDENTIFIER = com.swiftuiflipbook.SwiftUIFlipBookUITests;
				PRODUCT_NAME = "$(TARGET_NAME)";
				SWIFT_EMIT_LOC_STRINGS = NO;
				SWIFT_VERSION = 5.0;
				TARGETED_DEVICE_FAMILY = "1,2";
				TEST_TARGET_NAME = SwiftUIFlipBook;
			};
			name = Release;
		};
/* End XCBuildConfiguration section */

/* Begin XCConfigurationList section */
		D62C7EE82962019400CF3E94 /* Build configuration list for PBXProject "SwiftUIFlipBook" */ = {
			isa = XCConfigurationList;
			buildConfigurations = (
				D62C7F0F2962019900CF3E94 /* Debug */,
				D62C7F102962019900CF3E94 /* Release */,
			);
			defaultConfigurationIsVisible = 0;
			defaultConfigurationName = Release;
		};
		D62C7F112962019900CF3E94 /* Build configuration list for PBXNativeTarget "SwiftUIFlipBook" */ = {
			isa = XCConfigurationList;
			buildConfigurations = (
				D62C7F122962019900CF3E94 /* Debug */,
				D62C7F132962019900CF3E94 /* Release */,
			);
			defaultConfigurationIsVisible = 0;
			defaultConfigurationName = Release;
		};
		D62C7F142962019900CF3E94 /* Build configuration list for PBXNativeTarget "SwiftUIFlipBookTests" */ = {
			isa = XCConfigurationList;
			buildConfigurations = (
				D62C7F152962019900CF3E94 /* Debug */,
				D62C7F162962019900CF3E94 /* Release */,
			);
			defaultConfigurationIsVisible = 0;
			defaultConfigurationName = Release;
		};
		D62C7F172962019900CF3E94 /* Build configuration list for PBXNativeTarget "SwiftUIFlipBookUITests" */ = {
			isa = XCConfigurationList;
			buildConfigurations = (
				D62C7F182962019900CF3E94 /* Debug */,
				D62C7F192962019900CF3E94 /* Release */,
			);
			defaultConfigurationIsVisible = 0;
			defaultConfigurationName = Release;
		};
/* End XCConfigurationList section */

/* Begin XCRemoteSwiftPackageReference section */
		D62C7F1A296201BF00CF3E94 /* XCRemoteSwiftPackageReference "Pages" */ = {
			isa = XCRemoteSwiftPackageReference;
			repositoryURL = "https://github.com/nachonavarro/Pages.git";
			requirement = {
				kind = upToNextMajorVersion;
				minimumVersion = 0.1.5;
			};
		};
/* End XCRemoteSwiftPackageReference section */

/* Begin XCSwiftPackageProductDependency section */
		D62C7F1B296201BF00CF3E94 /* Pages */ = {
			isa = XCSwiftPackageProductDependency;
			package = D62C7F1A296201BF00CF3E94 /* XCRemoteSwiftPackageReference "Pages" */;
			productName = Pages;
		};
/* End XCSwiftPackageProductDependency section */
	};
	rootObject = D62C7EE52962019400CF3E94 /* Project object */;
}
